
Microsoft Visual Studio Solution File, Format Version 12.00
# Visual Studio Version 17
VisualStudioVersion = 17.13.35825.156
MinimumVisualStudioVersion = 10.0.40219.1
Project("{2150E333-8FDC-42A3-9474-1A3956D46DE8}") = "Chapter01", "Chapter01", "{DDB4EF12-CC4E-5E88-E6FC-71A802F4DE97}"
EndProject
Project("{FAE04EC0-301F-11D3-BF4B-00C04F79EFBC}") = "ProductSample", "Chapter01\ProductSample\ProductSample.csproj", "{309E7B0B-91B1-4CA5-ACDB-23B7613D22B6}"
EndProject
Project("{2150E333-8FDC-42A3-9474-1A3956D46DE8}") = "Chapter02", "Chapter02", "{971B9284-B933-40FF-B7DD-FE24D13F4B80}"
EndProject
Project("{FAE04EC0-301F-11D3-BF4B-00C04F79EFBC}") = "DistanceConverter", "Chapter02\DistanceConverter\DistanceConverter.csproj", "{7B366259-F672-40B2-8D76-544318A7DE70}"
EndProject
Project("{2150E333-8FDC-42A3-9474-1A3956D46DE8}") = "演習問題", "演習問題", "{2D6A45C0-68FF-4441-B48C-4FCE4EE55641}"
EndProject
Project("{FAE04EC0-301F-11D3-BF4B-00C04F79EFBC}") = "Exercise02", "Chapter02\演習問題\Exercise02\Exercise02.csproj", "{E7B3746F-1A06-4B4F-9D9E-43EC022AC151}"
EndProject
Project("{2150E333-8FDC-42A3-9474-1A3956D46DE8}") = "距離換算プログラム", "距離換算プログラム", "{46DC0332-4272-4FA8-BDBE-474214DCE7A6}"
EndProject
Project("{2150E333-8FDC-42A3-9474-1A3956D46DE8}") = "FromApps", "FromApps", "{8F9DCF6A-C3EF-4405-8F4C-5C2F346BEC8B}"
EndProject
Project("{FAE04EC0-301F-11D3-BF4B-00C04F79EFBC}") = "UnitConverter", "FromApps\UnitConverter\UnitConverter.csproj", "{F1E292C3-F88B-43B8-BA32-F7F366529A54}"
EndProject
Project("{FAE04EC0-301F-11D3-BF4B-00C04F79EFBC}") = "StopWatch", "FromApps\StopWatch\StopWatch.csproj", "{973329AE-CC00-4A37-8D07-12168AA4FF5B}"
EndProject
Project("{2150E333-8FDC-42A3-9474-1A3956D46DE8}") = "売り上げ集計プログラム", "売り上げ集計プログラム", "{C5056C04-E368-43FC-826F-C14EE1F747B7}"
EndProject
Project("{FAE04EC0-301F-11D3-BF4B-00C04F79EFBC}") = "SalesCalculator", "Chapter02\SalesCalculator\SalesCalculator.csproj", "{8E17B909-3CC8-4CDE-8A87-17D40E96C181}"
EndProject
Project("{FAE04EC0-301F-11D3-BF4B-00C04F79EFBC}") = "Exercise01", "Chapter02\演習問題\Exercise01\Exercise01.csproj", "{18F8779D-9191-408B-94FF-844B5FB8771E}"
EndProject
Project("{2150E333-8FDC-42A3-9474-1A3956D46DE8}") = "Chapter03", "Chapter03", "{1BA4D89D-7CF4-4E47-94A8-804FBBCD314B}"
EndProject
Project("{FAE04EC0-301F-11D3-BF4B-00C04F79EFBC}") = "Section01", "Chapter03\Section01\Section01.csproj", "{517D693A-8A15-4F1B-B87C-A7EFF186948A}"
EndProject
Project("{2150E333-8FDC-42A3-9474-1A3956D46DE8}") = "演習問題", "演習問題", "{B51D07A4-92E9-4A93-A3E9-12C34420777C}"
EndProject
Project("{FAE04EC0-301F-11D3-BF4B-00C04F79EFBC}") = "Exercise02", "Chapter03\演習問題\E0xercise02\Exercise02.csproj", "{4C7182FF-A6D8-431C-BDD0-029AF0DC5C07}"
EndProject
Project("{FAE04EC0-301F-11D3-BF4B-00C04F79EFBC}") = "Section04", "Chapter03\Section04\Section04.csproj", "{4839B692-E3C2-45A3-9D22-95C39430FB81}"
EndProject
Project("{FAE04EC0-301F-11D3-BF4B-00C04F79EFBC}") = "Exercise01", "Chapter03\演習問題\Exercise01\Exercise01.csproj", "{44C69534-7A03-4687-8189-3B34D2122333}"
EndProject
Project("{2150E333-8FDC-42A3-9474-1A3956D46DE8}") = "Chapter04", "Chapter04", "{5537DD99-1519-4B86-8601-CA47498D8A1E}"
EndProject
Project("{FAE04EC0-301F-11D3-BF4B-00C04F79EFBC}") = "Section04", "Chapter04\Section04\Section04.csproj", "{FA965124-5704-46FF-A050-691C12946543}"
EndProject
Project("{2150E333-8FDC-42A3-9474-1A3956D46DE8}") = "演習問題", "演習問題", "{AA5AC3EB-B775-4EFE-926A-47FC73764859}"
EndProject
Project("{FAE04EC0-301F-11D3-BF4B-00C04F79EFBC}") = "Exercise01", "Chapter04\演習問題\Exercise01\Exercise01.csproj", "{9D708D19-969B-40A7-A305-873D7534FBA0}"
EndProject
Project("{FAE04EC0-301F-11D3-BF4B-00C04F79EFBC}") = "Exercise2", "Chapter04\演習問題\Exercise2\Exercise2.csproj", "{DDE6958D-D2C8-4FDB-A457-E4DBBEF85C50}"
EndProject
Global
	GlobalSection(SolutionConfigurationPlatforms) = preSolution
		Debug|Any CPU = Debug|Any CPU
		Release|Any CPU = Release|Any CPU
	EndGlobalSection
	GlobalSection(ProjectConfigurationPlatforms) = postSolution
		{309E7B0B-91B1-4CA5-ACDB-23B7613D22B6}.Debug|Any CPU.ActiveCfg = Debug|Any CPU
		{309E7B0B-91B1-4CA5-ACDB-23B7613D22B6}.Debug|Any CPU.Build.0 = Debug|Any CPU
		{309E7B0B-91B1-4CA5-ACDB-23B7613D22B6}.Release|Any CPU.ActiveCfg = Release|Any CPU
		{309E7B0B-91B1-4CA5-ACDB-23B7613D22B6}.Release|Any CPU.Build.0 = Release|Any CPU
		{7B366259-F672-40B2-8D76-544318A7DE70}.Debug|Any CPU.ActiveCfg = Debug|Any CPU
		{7B366259-F672-40B2-8D76-544318A7DE70}.Debug|Any CPU.Build.0 = Debug|Any CPU
		{7B366259-F672-40B2-8D76-544318A7DE70}.Release|Any CPU.ActiveCfg = Release|Any CPU
		{7B366259-F672-40B2-8D76-544318A7DE70}.Release|Any CPU.Build.0 = Release|Any CPU
		{E7B3746F-1A06-4B4F-9D9E-43EC022AC151}.Debug|Any CPU.ActiveCfg = Debug|Any CPU
		{E7B3746F-1A06-4B4F-9D9E-43EC022AC151}.Debug|Any CPU.Build.0 = Debug|Any CPU
		{E7B3746F-1A06-4B4F-9D9E-43EC022AC151}.Release|Any CPU.ActiveCfg = Release|Any CPU
		{E7B3746F-1A06-4B4F-9D9E-43EC022AC151}.Release|Any CPU.Build.0 = Release|Any CPU
		{F1E292C3-F88B-43B8-BA32-F7F366529A54}.Debug|Any CPU.ActiveCfg = Debug|Any CPU
		{F1E292C3-F88B-43B8-BA32-F7F366529A54}.Debug|Any CPU.Build.0 = Debug|Any CPU
		{F1E292C3-F88B-43B8-BA32-F7F366529A54}.Release|Any CPU.ActiveCfg = Release|Any CPU
		{F1E292C3-F88B-43B8-BA32-F7F366529A54}.Release|Any CPU.Build.0 = Release|Any CPU
		{973329AE-CC00-4A37-8D07-12168AA4FF5B}.Debug|Any CPU.ActiveCfg = Debug|Any CPU
		{973329AE-CC00-4A37-8D07-12168AA4FF5B}.Debug|Any CPU.Build.0 = Debug|Any CPU
		{973329AE-CC00-4A37-8D07-12168AA4FF5B}.Release|Any CPU.ActiveCfg = Release|Any CPU
		{973329AE-CC00-4A37-8D07-12168AA4FF5B}.Release|Any CPU.Build.0 = Release|Any CPU
		{8E17B909-3CC8-4CDE-8A87-17D40E96C181}.Debug|Any CPU.ActiveCfg = Debug|Any CPU
		{8E17B909-3CC8-4CDE-8A87-17D40E96C181}.Debug|Any CPU.Build.0 = Debug|Any CPU
		{8E17B909-3CC8-4CDE-8A87-17D40E96C181}.Release|Any CPU.ActiveCfg = Release|Any CPU
		{8E17B909-3CC8-4CDE-8A87-17D40E96C181}.Release|Any CPU.Build.0 = Release|Any CPU
		{18F8779D-9191-408B-94FF-844B5FB8771E}.Debug|Any CPU.ActiveCfg = Debug|Any CPU
		{18F8779D-9191-408B-94FF-844B5FB8771E}.Debug|Any CPU.Build.0 = Debug|Any CPU
		{18F8779D-9191-408B-94FF-844B5FB8771E}.Release|Any CPU.ActiveCfg = Release|Any CPU
		{18F8779D-9191-408B-94FF-844B5FB8771E}.Release|Any CPU.Build.0 = Release|Any CPU
		{517D693A-8A15-4F1B-B87C-A7EFF186948A}.Debug|Any CPU.ActiveCfg = Debug|Any CPU
		{517D693A-8A15-4F1B-B87C-A7EFF186948A}.Debug|Any CPU.Build.0 = Debug|Any CPU
		{517D693A-8A15-4F1B-B87C-A7EFF186948A}.Release|Any CPU.ActiveCfg = Release|Any CPU
		{517D693A-8A15-4F1B-B87C-A7EFF186948A}.Release|Any CPU.Build.0 = Release|Any CPU
		{4C7182FF-A6D8-431C-BDD0-029AF0DC5C07}.Debug|Any CPU.ActiveCfg = Debug|Any CPU
		{4C7182FF-A6D8-431C-BDD0-029AF0DC5C07}.Debug|Any CPU.Build.0 = Debug|Any CPU
		{4C7182FF-A6D8-431C-BDD0-029AF0DC5C07}.Release|Any CPU.ActiveCfg = Release|Any CPU
		{4C7182FF-A6D8-431C-BDD0-029AF0DC5C07}.Release|Any CPU.Build.0 = Release|Any CPU
		{4839B692-E3C2-45A3-9D22-95C39430FB81}.Debug|Any CPU.ActiveCfg = Debug|Any CPU
		{4839B692-E3C2-45A3-9D22-95C39430FB81}.Debug|Any CPU.Build.0 = Debug|Any CPU
		{4839B692-E3C2-45A3-9D22-95C39430FB81}.Release|Any CPU.ActiveCfg = Release|Any CPU
		{4839B692-E3C2-45A3-9D22-95C39430FB81}.Release|Any CPU.Build.0 = Release|Any CPU
		{44C69534-7A03-4687-8189-3B34D2122333}.Debug|Any CPU.ActiveCfg = Debug|Any CPU
		{44C69534-7A03-4687-8189-3B34D2122333}.Debug|Any CPU.Build.0 = Debug|Any CPU
		{44C69534-7A03-4687-8189-3B34D2122333}.Release|Any CPU.ActiveCfg = Release|Any CPU
		{44C69534-7A03-4687-8189-3B34D2122333}.Release|Any CPU.Build.0 = Release|Any CPU
		{FA965124-5704-46FF-A050-691C12946543}.Debug|Any CPU.ActiveCfg = Debug|Any CPU
		{FA965124-5704-46FF-A050-691C12946543}.Debug|Any CPU.Build.0 = Debug|Any CPU
		{FA965124-5704-46FF-A050-691C12946543}.Release|Any CPU.ActiveCfg = Release|Any CPU
		{FA965124-5704-46FF-A050-691C12946543}.Release|Any CPU.Build.0 = Release|Any CPU
		{9D708D19-969B-40A7-A305-873D7534FBA0}.Debug|Any CPU.ActiveCfg = Debug|Any CPU
		{9D708D19-969B-40A7-A305-873D7534FBA0}.Debug|Any CPU.Build.0 = Debug|Any CPU
		{9D708D19-969B-40A7-A305-873D7534FBA0}.Release|Any CPU.ActiveCfg = Release|Any CPU
		{9D708D19-969B-40A7-A305-873D7534FBA0}.Release|Any CPU.Build.0 = Release|Any CPU
		{DDE6958D-D2C8-4FDB-A457-E4DBBEF85C50}.Debug|Any CPU.ActiveCfg = Debug|Any CPU
		{DDE6958D-D2C8-4FDB-A457-E4DBBEF85C50}.Debug|Any CPU.Build.0 = Debug|Any CPU
		{DDE6958D-D2C8-4FDB-A457-E4DBBEF85C50}.Release|Any CPU.ActiveCfg = Release|Any CPU
		{DDE6958D-D2C8-4FDB-A457-E4DBBEF85C50}.Release|Any CPU.Build.0 = Release|Any CPU
	EndGlobalSection
	GlobalSection(SolutionProperties) = preSolution
		HideSolutionNode = FALSE
	EndGlobalSection
	GlobalSection(NestedProjects) = preSolution
		{309E7B0B-91B1-4CA5-ACDB-23B7613D22B6} = {DDB4EF12-CC4E-5E88-E6FC-71A802F4DE97}
		{7B366259-F672-40B2-8D76-544318A7DE70} = {46DC0332-4272-4FA8-BDBE-474214DCE7A6}
		{2D6A45C0-68FF-4441-B48C-4FCE4EE55641} = {971B9284-B933-40FF-B7DD-FE24D13F4B80}
		{E7B3746F-1A06-4B4F-9D9E-43EC022AC151} = {2D6A45C0-68FF-4441-B48C-4FCE4EE55641}
		{46DC0332-4272-4FA8-BDBE-474214DCE7A6} = {971B9284-B933-40FF-B7DD-FE24D13F4B80}
		{F1E292C3-F88B-43B8-BA32-F7F366529A54} = {8F9DCF6A-C3EF-4405-8F4C-5C2F346BEC8B}
		{973329AE-CC00-4A37-8D07-12168AA4FF5B} = {8F9DCF6A-C3EF-4405-8F4C-5C2F346BEC8B}
		{C5056C04-E368-43FC-826F-C14EE1F747B7} = {971B9284-B933-40FF-B7DD-FE24D13F4B80}
		{8E17B909-3CC8-4CDE-8A87-17D40E96C181} = {C5056C04-E368-43FC-826F-C14EE1F747B7}
		{18F8779D-9191-408B-94FF-844B5FB8771E} = {2D6A45C0-68FF-4441-B48C-4FCE4EE55641}
		{517D693A-8A15-4F1B-B87C-A7EFF186948A} = {1BA4D89D-7CF4-4E47-94A8-804FBBCD314B}
		{B51D07A4-92E9-4A93-A3E9-12C34420777C} = {1BA4D89D-7CF4-4E47-94A8-804FBBCD314B}
		{4C7182FF-A6D8-431C-BDD0-029AF0DC5C07} = {B51D07A4-92E9-4A93-A3E9-12C34420777C}
		{4839B692-E3C2-45A3-9D22-95C39430FB81} = {1BA4D89D-7CF4-4E47-94A8-804FBBCD314B}
		{44C69534-7A03-4687-8189-3B34D2122333} = {B51D07A4-92E9-4A93-A3E9-12C34420777C}
		{FA965124-5704-46FF-A050-691C12946543} = {5537DD99-1519-4B86-8601-CA47498D8A1E}
		{AA5AC3EB-B775-4EFE-926A-47FC73764859} = {5537DD99-1519-4B86-8601-CA47498D8A1E}
		{9D708D19-969B-40A7-A305-873D7534FBA0} = {AA5AC3EB-B775-4EFE-926A-47FC73764859}
		{DDE6958D-D2C8-4FDB-A457-E4DBBEF85C50} = {AA5AC3EB-B775-4EFE-926A-47FC73764859}
	EndGlobalSection
	GlobalSection(ExtensibilityGlobals) = postSolution
		SolutionGuid = {0729E990-D455-4DDA-BAB7-0E5B1E787088}
	EndGlobalSection
EndGlobal
