
Microsoft Visual Studio Solution File, Format Version 12.00
# Visual Studio Version 17
VisualStudioVersion = 17.13.35825.156
MinimumVisualStudioVersion = 10.0.40219.1
Project("{2150E333-8FDC-42A3-9474-1A3956D46DE8}") = "Chapter01", "Chapter01", "{DDB4EF12-CC4E-5E88-E6FC-71A802F4DE97}"
EndProject
Project("{FAE04EC0-301F-11D3-BF4B-00C04F79EFBC}") = "ProductSample", "Chapter01\ProductSample\ProductSample.csproj", "{309E7B0B-91B1-4CA5-ACDB-23B7613D22B6}"
EndProject
Project("{2150E333-8FDC-42A3-9474-1A3956D46DE8}") = "Chapter02", "Chapter02", "{971B9284-B933-40FF-B7DD-FE24D13F4B80}"
EndProject
Project("{FAE04EC0-301F-11D3-BF4B-00C04F79EFBC}") = "DistanceConverter", "Chapter02\DistanceConverter\DistanceConverter.csproj", "{7B366259-F672-40B2-8D76-544318A7DE70}"
EndProject
Project("{2150E333-8FDC-42A3-9474-1A3956D46DE8}") = "演習問題", "演習問題", "{2D6A45C0-68FF-4441-B48C-4FCE4EE55641}"
EndProject
Project("{FAE04EC0-301F-11D3-BF4B-00C04F79EFBC}") = "Exercise02", "Chapter02\演習問題\Exercise02\Exercise02.csproj", "{E7B3746F-1A06-4B4F-9D9E-43EC022AC151}"
EndProject
Project("{2150E333-8FDC-42A3-9474-1A3956D46DE8}") = "距離換算プログラム", "距離換算プログラム", "{46DC0332-4272-4FA8-BDBE-474214DCE7A6}"
EndProject
Project("{2150E333-8FDC-42A3-9474-1A3956D46DE8}") = "FromApps", "FromApps", "{8F9DCF6A-C3EF-4405-8F4C-5C2F346BEC8B}"
EndProject
Project("{FAE04EC0-301F-11D3-BF4B-00C04F79EFBC}") = "UnitConverter", "FromApps\UnitConverter\UnitConverter.csproj", "{F1E292C3-F88B-43B8-BA32-F7F366529A54}"
EndProject
Project("{FAE04EC0-301F-11D3-BF4B-00C04F79EFBC}") = "StopWatch", "FromApps\StopWatch\StopWatch.csproj", "{973329AE-CC00-4A37-8D07-12168AA4FF5B}"
EndProject
Project("{2150E333-8FDC-42A3-9474-1A3956D46DE8}") = "売り上げ集計プログラム", "売り上げ集計プログラム", "{C5056C04-E368-43FC-826F-C14EE1F747B7}"
EndProject
Project("{FAE04EC0-301F-11D3-BF4B-00C04F79EFBC}") = "SalesCalculator", "Chapter02\SalesCalculator\SalesCalculator.csproj", "{8E17B909-3CC8-4CDE-8A87-17D40E96C181}"
EndProject
Global
	GlobalSection(SolutionConfigurationPlatforms) = preSolution
		Debug|Any CPU = Debug|Any CPU
		Release|Any CPU = Release|Any CPU
	EndGlobalSection
	GlobalSection(ProjectConfigurationPlatforms) = postSolution
		{309E7B0B-91B1-4CA5-ACDB-23B7613D22B6}.Debug|Any CPU.ActiveCfg = Debug|Any CPU
		{309E7B0B-91B1-4CA5-ACDB-23B7613D22B6}.Debug|Any CPU.Build.0 = Debug|Any CPU
		{309E7B0B-91B1-4CA5-ACDB-23B7613D22B6}.Release|Any CPU.ActiveCfg = Release|Any CPU
		{309E7B0B-91B1-4CA5-ACDB-23B7613D22B6}.Release|Any CPU.Build.0 = Release|Any CPU
		{7B366259-F672-40B2-8D76-544318A7DE70}.Debug|Any CPU.ActiveCfg = Debug|Any CPU
		{7B366259-F672-40B2-8D76-544318A7DE70}.Debug|Any CPU.Build.0 = Debug|Any CPU
		{7B366259-F672-40B2-8D76-544318A7DE70}.Release|Any CPU.ActiveCfg = Release|Any CPU
		{7B366259-F672-40B2-8D76-544318A7DE70}.Release|Any CPU.Build.0 = Release|Any CPU
		{E7B3746F-1A06-4B4F-9D9E-43EC022AC151}.Debug|Any CPU.ActiveCfg = Debug|Any CPU
		{E7B3746F-1A06-4B4F-9D9E-43EC022AC151}.Debug|Any CPU.Build.0 = Debug|Any CPU
		{E7B3746F-1A06-4B4F-9D9E-43EC022AC151}.Release|Any CPU.ActiveCfg = Release|Any CPU
		{E7B3746F-1A06-4B4F-9D9E-43EC022AC151}.Release|Any CPU.Build.0 = Release|Any CPU
		{F1E292C3-F88B-43B8-BA32-F7F366529A54}.Debug|Any CPU.ActiveCfg = Debug|Any CPU
		{F1E292C3-F88B-43B8-BA32-F7F366529A54}.Debug|Any CPU.Build.0 = Debug|Any CPU
		{F1E292C3-F88B-43B8-BA32-F7F366529A54}.Release|Any CPU.ActiveCfg = Release|Any CPU
		{F1E292C3-F88B-43B8-BA32-F7F366529A54}.Release|Any CPU.Build.0 = Release|Any CPU
		{973329AE-CC00-4A37-8D07-12168AA4FF5B}.Debug|Any CPU.ActiveCfg = Debug|Any CPU
		{973329AE-CC00-4A37-8D07-12168AA4FF5B}.Debug|Any CPU.Build.0 = Debug|Any CPU
		{973329AE-CC00-4A37-8D07-12168AA4FF5B}.Release|Any CPU.ActiveCfg = Release|Any CPU
		{973329AE-CC00-4A37-8D07-12168AA4FF5B}.Release|Any CPU.Build.0 = Release|Any CPU
		{8E17B909-3CC8-4CDE-8A87-17D40E96C181}.Debug|Any CPU.ActiveCfg = Debug|Any CPU
		{8E17B909-3CC8-4CDE-8A87-17D40E96C181}.Debug|Any CPU.Build.0 = Debug|Any CPU
		{8E17B909-3CC8-4CDE-8A87-17D40E96C181}.Release|Any CPU.ActiveCfg = Release|Any CPU
		{8E17B909-3CC8-4CDE-8A87-17D40E96C181}.Release|Any CPU.Build.0 = Release|Any CPU
	EndGlobalSection
	GlobalSection(SolutionProperties) = preSolution
		HideSolutionNode = FALSE
	EndGlobalSection
	GlobalSection(NestedProjects) = preSolution
		{309E7B0B-91B1-4CA5-ACDB-23B7613D22B6} = {DDB4EF12-CC4E-5E88-E6FC-71A802F4DE97}
		{7B366259-F672-40B2-8D76-544318A7DE70} = {46DC0332-4272-4FA8-BDBE-474214DCE7A6}
		{2D6A45C0-68FF-4441-B48C-4FCE4EE55641} = {971B9284-B933-40FF-B7DD-FE24D13F4B80}
		{E7B3746F-1A06-4B4F-9D9E-43EC022AC151} = {2D6A45C0-68FF-4441-B48C-4FCE4EE55641}
		{46DC0332-4272-4FA8-BDBE-474214DCE7A6} = {971B9284-B933-40FF-B7DD-FE24D13F4B80}
		{F1E292C3-F88B-43B8-BA32-F7F366529A54} = {8F9DCF6A-C3EF-4405-8F4C-5C2F346BEC8B}
		{973329AE-CC00-4A37-8D07-12168AA4FF5B} = {8F9DCF6A-C3EF-4405-8F4C-5C2F346BEC8B}
		{C5056C04-E368-43FC-826F-C14EE1F747B7} = {971B9284-B933-40FF-B7DD-FE24D13F4B80}
		{8E17B909-3CC8-4CDE-8A87-17D40E96C181} = {C5056C04-E368-43FC-826F-C14EE1F747B7}
	EndGlobalSection
	GlobalSection(ExtensibilityGlobals) = postSolution
		SolutionGuid = {0729E990-D455-4DDA-BAB7-0E5B1E787088}
	EndGlobalSection
EndGlobal
