
Microsoft Visual Studio Solution File, Format Version 12.00
# Visual Studio Version 17
VisualStudioVersion = 17.13.35825.156
MinimumVisualStudioVersion = 10.0.40219.1
Project("{2150E333-8FDC-42A3-9474-1A3956D46DE8}") = "Chapter01", "Chapter01", "{DDB4EF12-CC4E-5E88-E6FC-71A802F4DE97}"
EndProject
Project("{FAE04EC0-301F-11D3-BF4B-00C04F79EFBC}") = "ProductSample", "Chapter01\ProductSample\ProductSample.csproj", "{309E7B0B-91B1-4CA5-ACDB-23B7613D22B6}"
EndProject
Project("{2150E333-8FDC-42A3-9474-1A3956D46DE8}") = "Chapter02", "Chapter02", "{971B9284-B933-40FF-B7DD-FE24D13F4B80}"
EndProject
Project("{FAE04EC0-301F-11D3-BF4B-00C04F79EFBC}") = "DistanceConverter", "Chapter02\DistanceConverter\DistanceConverter.csproj", "{7B366259-F672-40B2-8D76-544318A7DE70}"
EndProject
Project("{2150E333-8FDC-42A3-9474-1A3956D46DE8}") = "演習問題", "演習問題", "{2D6A45C0-68FF-4441-B48C-4FCE4EE55641}"
EndProject
Project("{FAE04EC0-301F-11D3-BF4B-00C04F79EFBC}") = "Exercise02", "Chapter02\演習問題\Exercise02\Exercise02.csproj", "{E7B3746F-1A06-4B4F-9D9E-43EC022AC151}"
EndProject
Project("{2150E333-8FDC-42A3-9474-1A3956D46DE8}") = "距離換算プログラム", "距離換算プログラム", "{46DC0332-4272-4FA8-BDBE-474214DCE7A6}"
EndProject
Project("{2150E333-8FDC-42A3-9474-1A3956D46DE8}") = "FromApps", "FromApps", "{8F9DCF6A-C3EF-4405-8F4C-5C2F346BEC8B}"
EndProject
Project("{FAE04EC0-301F-11D3-BF4B-00C04F79EFBC}") = "UnitConverter", "FromApps\UnitConverter\UnitConverter.csproj", "{F1E292C3-F88B-43B8-BA32-F7F366529A54}"
EndProject
Project("{FAE04EC0-301F-11D3-BF4B-00C04F79EFBC}") = "StopWatch", "FromApps\StopWatch\StopWatch.csproj", "{973329AE-CC00-4A37-8D07-12168AA4FF5B}"
EndProject
Project("{2150E333-8FDC-42A3-9474-1A3956D46DE8}") = "売り上げ集計プログラム", "売り上げ集計プログラム", "{C5056C04-E368-43FC-826F-C14EE1F747B7}"
EndProject
Project("{FAE04EC0-301F-11D3-BF4B-00C04F79EFBC}") = "SalesCalculator", "Chapter02\SalesCalculator\SalesCalculator.csproj", "{8E17B909-3CC8-4CDE-8A87-17D40E96C181}"
EndProject
Project("{FAE04EC0-301F-11D3-BF4B-00C04F79EFBC}") = "Exercise01", "Chapter02\演習問題\Exercise01\Exercise01.csproj", "{18F8779D-9191-408B-94FF-844B5FB8771E}"
EndProject
Project("{2150E333-8FDC-42A3-9474-1A3956D46DE8}") = "Chapter03", "Chapter03", "{1BA4D89D-7CF4-4E47-94A8-804FBBCD314B}"
EndProject
Project("{FAE04EC0-301F-11D3-BF4B-00C04F79EFBC}") = "Section01", "Chapter03\Section01\Section01.csproj", "{517D693A-8A15-4F1B-B87C-A7EFF186948A}"
EndProject
Project("{2150E333-8FDC-42A3-9474-1A3956D46DE8}") = "演習問題", "演習問題", "{B51D07A4-92E9-4A93-A3E9-12C34420777C}"
EndProject
Project("{FAE04EC0-301F-11D3-BF4B-00C04F79EFBC}") = "Exercise02", "Chapter03\演習問題\E0xercise02\Exercise02.csproj", "{4C7182FF-A6D8-431C-BDD0-029AF0DC5C07}"
EndProject
Project("{FAE04EC0-301F-11D3-BF4B-00C04F79EFBC}") = "Section04", "Chapter03\Section04\Section04.csproj", "{4839B692-E3C2-45A3-9D22-95C39430FB81}"
EndProject
Project("{FAE04EC0-301F-11D3-BF4B-00C04F79EFBC}") = "Exercise01", "Chapter03\演習問題\Exercise01\Exercise01.csproj", "{44C69534-7A03-4687-8189-3B34D2122333}"
EndProject
Project("{2150E333-8FDC-42A3-9474-1A3956D46DE8}") = "Chapter04", "Chapter04", "{5537DD99-1519-4B86-8601-CA47498D8A1E}"
EndProject
Project("{FAE04EC0-301F-11D3-BF4B-00C04F79EFBC}") = "Section04", "Chapter04\Section04\Section04.csproj", "{FA965124-5704-46FF-A050-691C12946543}"
EndProject
Project("{2150E333-8FDC-42A3-9474-1A3956D46DE8}") = "演習問題", "演習問題", "{AA5AC3EB-B775-4EFE-926A-47FC73764859}"
EndProject
Project("{FAE04EC0-301F-11D3-BF4B-00C04F79EFBC}") = "Exercise01", "Chapter04\演習問題\Exercise01\Exercise01.csproj", "{9D708D19-969B-40A7-A305-873D7534FBA0}"
EndProject
Project("{FAE04EC0-301F-11D3-BF4B-00C04F79EFBC}") = "Exercise02", "Chapter04\演習問題\Exercise02\Exercise02\Exercise02.csproj", "{F7883A8A-B295-4F52-8320-1414C3C0407C}"
EndProject
Project("{2150E333-8FDC-42A3-9474-1A3956D46DE8}") = "LINQ", "LINQ", "{3EA858DE-A4AA-47A6-A5E2-332EB284A927}"
EndProject
Project("{FAE04EC0-301F-11D3-BF4B-00C04F79EFBC}") = "LinqSample", "LINQ\LinqSample\LinqSample.csproj", "{3FAC2DF3-E833-41B3-99D0-89D133CA2DAC}"
EndProject
Project("{2150E333-8FDC-42A3-9474-1A3956D46DE8}") = "Chapter07", "Chapter07", "{B769F8BD-3F1D-4458-9DD4-7EBD6B640F0B}"
EndProject
Project("{2150E333-8FDC-42A3-9474-1A3956D46DE8}") = "演習問題", "演習問題", "{0DE2D299-A789-48A8-8DAF-E2CFF1541B6E}"
EndProject
Project("{FAE04EC0-301F-11D3-BF4B-00C04F79EFBC}") = "Exercise01", "Chapter07\演習問題\Exercise01\Exercise01.csproj", "{8B4B5273-BE79-4B72-ACD0-FE0001180746}"
EndProject
Project("{FAE04EC0-301F-11D3-BF4B-00C04F79EFBC}") = "Section01", "Chapter07\Section01\Section01.csproj", "{D6B8A390-3300-4A1C-83B1-39F9531D44D6}"
EndProject
Project("{FAE04EC0-301F-11D3-BF4B-00C04F79EFBC}") = "Section05", "Chapter07\Section05\Section05.csproj", "{FFC46DAC-7966-4893-843C-477627186C15}"
EndProject
Project("{FAE04EC0-301F-11D3-BF4B-00C04F79EFBC}") = "Exercise02", "Chapter07\演習問題\Exercise02\Exercise02\Exercise02.csproj", "{4A8BE0C9-B6A0-41E6-A8C7-005C7AC4D98D}"
EndProject
Project("{2150E333-8FDC-42A3-9474-1A3956D46DE8}") = "Chapter06", "Chapter06", "{9E2A448D-D4F0-47B7-973F-5F01337850C4}"
EndProject
Project("{FAE04EC0-301F-11D3-BF4B-00C04F79EFBC}") = "Section01", "Chapter06\Section01\Section01.csproj", "{5A22D05C-94EF-4281-99DD-1E70621502E8}"
EndProject
Project("{2150E333-8FDC-42A3-9474-1A3956D46DE8}") = "演習問題", "演習問題", "{CA6F0705-0274-4FB9-97F3-2550DD3C9300}"
EndProject
Project("{FAE04EC0-301F-11D3-BF4B-00C04F79EFBC}") = "Exercise01", "Chapter06\演習問題\Exercise01\Exercise01.csproj", "{20869573-E22F-4153-8A25-B606F2C0BFA7}"
EndProject
Project("{FAE04EC0-301F-11D3-BF4B-00C04F79EFBC}") = "Exercise03", "Chapter06\演習問題\Exercise03\Exercise03.csproj", "{53A0649F-FB12-4B62-BFB3-ED5327351A7F}"
EndProject
Project("{FAE04EC0-301F-11D3-BF4B-00C04F79EFBC}") = "Exercise02", "Chapter06\演習問題\Exercise02\Exercise02.csproj", "{9605B4B8-0A34-BDE4-CFD2-F49073E3B9EF}"
EndProject
Project("{FAE04EC0-301F-11D3-BF4B-00C04F79EFBC}") = "Section03", "Chapter06\Section03\Section03.csproj", "{9D888F9E-F1E9-D817-9103-5037E34D9814}"
EndProject
Project("{FAE04EC0-301F-11D3-BF4B-00C04F79EFBC}") = "Exercise04", "Chapter06\演習問題\Exercise04\Exercise04.csproj", "{8758FBDB-9295-0DA5-31B6-DA01667F06FB}"
EndProject
Project("{2150E333-8FDC-42A3-9474-1A3956D46DE8}") = "Chapter05", "Chapter05", "{5726E98F-E83B-4D6B-B5FA-405411047B9F}"
EndProject
Project("{2150E333-8FDC-42A3-9474-1A3956D46DE8}") = "演習問題", "演習問題", "{96342B1C-6D28-42FE-94E9-BFB5AEDC1B51}"
EndProject
Project("{FAE04EC0-301F-11D3-BF4B-00C04F79EFBC}") = "Section01", "Chapter05\Section01\Section01.csproj", "{ADC14C9C-6630-402F-9668-A7E835A493C8}"
EndProject
Project("{FAE04EC0-301F-11D3-BF4B-00C04F79EFBC}") = "Exercise01", "Chapter05\演習問題\Exercise01\Exercise01.csproj", "{06595126-0FFE-4A18-AAAD-97AC6CD64EC8}"
EndProject
Project("{FAE04EC0-301F-11D3-BF4B-00C04F79EFBC}") = "Section02", "Chapter05\Section02\Section02.csproj", "{7E14A176-70C1-32E3-9A58-33668577203D}"
EndProject
Project("{FAE04EC0-301F-11D3-BF4B-00C04F79EFBC}") = "Exercise02", "Chapter05\演習問題\Exercise02\Exercise02.csproj", "{C9CF5948-4ABB-4A7A-860B-C4BDF2813DB4}"
EndProject
Project("{2150E333-8FDC-42A3-9474-1A3956D46DE8}") = "Chapter08", "Chapter08", "{D30EFD76-0D2C-4B3C-B7AA-98FDCEC3055A}"
EndProject
Project("{2150E333-8FDC-42A3-9474-1A3956D46DE8}") = "演習問題", "演習問題", "{8E4335E5-5E05-421F-A29D-68708F5F75CC}"
EndProject
Project("{FAE04EC0-301F-11D3-BF4B-00C04F79EFBC}") = "Exercise01", "Chapter08\演習問題\Exercise01\Exercise01.csproj", "{AC26E979-AB5F-4233-9FE3-9C9BD5231F72}"
EndProject
Project("{FAE04EC0-301F-11D3-BF4B-00C04F79EFBC}") = "PrefCapitalLocationSystem", "Chapter08\PrefCapitalLocationSystem\PrefCapitalLocationSystem.csproj", "{BA3B5C5E-D6A4-39ED-6760-036CDB62E249}"
EndProject
Project("{FAE04EC0-301F-11D3-BF4B-00C04F79EFBC}") = "Section03", "Chapter08\Section03\Section03.csproj", "{7C06D570-5236-67C0-200D-EFEA42F6ED6E}"
EndProject
Project("{FAE04EC0-301F-11D3-BF4B-00C04F79EFBC}") = "Exercise02", "Chapter08\演習問題\Exercise02\Exercise02.csproj", "{E8673508-9063-4FFF-B403-F7CD14D82E20}"
EndProject
Project("{2150E333-8FDC-42A3-9474-1A3956D46DE8}") = "Test01", "Test01", "{C6CC6D9E-882E-476C-AB91-01B98B4B52CA}"
EndProject
Project("{FAE04EC0-301F-11D3-BF4B-00C04F79EFBC}") = "Test01", "Test01\Test01\Test01.csproj", "{6EF7678A-A725-F430-3097-30F090C0100A}"
EndProject
Project("{FAE04EC0-301F-11D3-BF4B-00C04F79EFBC}") = "Test02", "Test01\Test02\Test02.csproj", "{010D0C11-D6A2-3CA6-3281-4E0FD547EC2D}"
EndProject
Project("{2150E333-8FDC-42A3-9474-1A3956D46DE8}") = "Chapter09", "Chapter09", "{ED26FFC0-70A8-4B95-9446-A9EB698C4DC4}"
EndProject
Project("{FAE04EC0-301F-11D3-BF4B-00C04F79EFBC}") = "Section01", "Chapter09\Section01\Section01.csproj", "{2E51EA36-A5CA-477B-ABF4-1B22C66DC006}"
EndProject
Project("{FAE04EC0-301F-11D3-BF4B-00C04F79EFBC}") = "Exercise01", "Chapter09\演習問題\Exercise01\Exercise01.csproj", "{118F2D9F-ECBB-43BA-8D17-877171B1A28E}"
EndProject
Project("{2150E333-8FDC-42A3-9474-1A3956D46DE8}") = "演習問題", "演習問題", "{BF8BD762-9D89-47CB-B95F-AFE8D3D224FF}"
EndProject
Project("{FAE04EC0-301F-11D3-BF4B-00C04F79EFBC}") = "Exercise02", "Chapter09\演習問題\Exercise02\Exercise02.csproj", "{52442FBF-AB1E-12BC-8344-0695887AC3CB}"
EndProject
Project("{FAE04EC0-301F-11D3-BF4B-00C04F79EFBC}") = "Exercise03", "Chapter09\演習問題\Exercise03\Exercise03.csproj", "{13EA441B-E72F-5CA2-D5D4-B3F52139D7CF}"
EndProject
Project("{FAE04EC0-301F-11D3-BF4B-00C04F79EFBC}") = "CarReportSystem", "FromApps\CarReportSystem\CarReportSystem.csproj", "{BED06C1C-9B3D-4B9D-939E-2D29E40705E1}"
EndProject
Project("{2150E333-8FDC-42A3-9474-1A3956D46DE8}") = "Chapter12", "Chapter12", "{75EB9EFF-C7F1-4C68-9A3D-E7C8CE6579FF}"
EndProject
Project("{2150E333-8FDC-42A3-9474-1A3956D46DE8}") = "演習問題", "演習問題", "{3DA27BFC-03ED-4777-8B87-CE5C76ED43D1}"
EndProject
Project("{FAE04EC0-301F-11D3-BF4B-00C04F79EFBC}") = "Section01", "Chapter12\Section01\Section01.csproj", "{79ABAD33-0E8F-4357-B6BD-CB2E9BC9E90D}"
EndProject
Project("{FAE04EC0-301F-11D3-BF4B-00C04F79EFBC}") = "Exercise01", "Chapter12\演習問題\Exercise01\Exercise01.csproj", "{DB7CF051-F53E-43DE-9540-87B576971A70}"
EndProject
Project("{FAE04EC0-301F-11D3-BF4B-00C04F79EFBC}") = "Exercise02", "Chapter12\Exercise02\Exercise02.csproj", "{3A6214EA-D99A-D811-0D59-3E50D778F6A3}"
EndProject
Project("{FAE04EC0-301F-11D3-BF4B-00C04F79EFBC}") = "Exercise03", "Chapter12\Exercise03\Exercise03.csproj", "{755F019A-6E1E-9442-A675-813A3039B209}"
EndProject
Project("{FAE04EC0-301F-11D3-BF4B-00C04F79EFBC}") = "RssReader", "FromApps\RssReader\RssReader.csproj", "{3B309A02-5697-4A88-A740-CB66A31A7BF8}"
EndProject
Project("{2150E333-8FDC-42A3-9474-1A3956D46DE8}") = "Chapter11", "Chapter11", "{7B873F33-7E59-42B4-B4BA-4F2D487FF080}"
EndProject
Project("{FAE04EC0-301F-11D3-BF4B-00C04F79EFBC}") = "Section02", "Chapter11\Section02\Section02.csproj", "{9157CCA1-9AB1-4E8C-8598-0F72A5A6A8A2}"
EndProject
Project("{2150E333-8FDC-42A3-9474-1A3956D46DE8}") = "演習問題", "演習問題", "{04F6F528-EB5A-4E6D-A9C0-6DF7F76100D7}"
EndProject
Project("{FAE04EC0-301F-11D3-BF4B-00C04F79EFBC}") = "Exercise01", "Chapter11\演習問題\Exercise01\Exercise01.csproj", "{2B3D0DE8-AB68-4CE5-BA12-8F0F49717C3B}"
EndProject
Project("{FAE04EC0-301F-11D3-BF4B-00C04F79EFBC}") = "Exercise02", "Chapter11\演習問題\Exercise02\Exercise02.csproj", "{92C18487-D468-4AD1-A49E-C9037239C28C}"
EndProject
Project("{FAE04EC0-301F-11D3-BF4B-00C04F79EFBC}") = "Section03", "Chapter11\Section03\Section03.csproj", "{5D47C2CC-16F0-491E-8A98-474E588C696C}"
EndProject
Project("{FAE04EC0-301F-11D3-BF4B-00C04F79EFBC}") = "Exercise03", "Chapter11\演習問題\Exercise03\Exercise03.csproj", "{1C425417-28E9-4E2E-8613-E40B424861E0}"
EndProject
Project("{FAE04EC0-301F-11D3-BF4B-00C04F79EFBC}") = "Section04", "Chapter11\Section04\Section04.csproj", "{9F3E4545-9941-4D9B-927F-C5A217779363}"
EndProject
Project("{FAE04EC0-301F-11D3-BF4B-00C04F79EFBC}") = "Exercise04", "Chapter11\演習問題\Exercise04\Exercise04.csproj", "{C2A36585-1B5D-4CB8-959E-86DC3CAB7EAF}"
EndProject
Project("{FAE04EC0-301F-11D3-BF4B-00C04F79EFBC}") = "Exercise05", "Chapter11\演習問題\Exercise05\Exercise05.csproj", "{A99E7E0F-FDD1-4BF9-B884-71B89F274B9A}"
EndProject
Project("{2150E333-8FDC-42A3-9474-1A3956D46DE8}") = "WPF", "WPF", "{6501D0FA-6705-4170-9117-AC3DBF9E90B4}"
EndProject
Project("{FAE04EC0-301F-11D3-BF4B-00C04F79EFBC}") = "SampleApplication", "WPF\SampleApplication\SampleApplication.csproj", "{6BD2BBD9-842A-4CF4-B637-653FADBBA744}"
EndProject
Project("{FAE04EC0-301F-11D3-BF4B-00C04F79EFBC}") = "SampleSlider", "WPF\SampleSlider\SampleSlider.csproj", "{C9CA2627-7095-4418-B1C4-F34AB7F4A566}"
EndProject
Project("{FAE04EC0-301F-11D3-BF4B-00C04F79EFBC}") = "ColorChecker", "WPF\ColorChecker\ColorChecker.csproj", "{CB25AF86-BDAB-433F-A491-089A244BF01D}"
EndProject
Project("{FAE04EC0-301F-11D3-BF4B-00C04F79EFBC}") = "ConverterApp", "WPF\ConverterApp\ConverterApp.csproj", "{7E73FFDB-8C76-4073-841E-B7BE6F000E30}"
EndProject
Project("{FAE04EC0-301F-11D3-BF4B-00C04F79EFBC}") = "HelloWorld", "WPF\HelloWorld\HelloWorld.csproj", "{77577AF4-04B5-48E5-9F16-D92765D20201}"
EndProject
Project("{FAE04EC0-301F-11D3-BF4B-00C04F79EFBC}") = "PrismObservesSample", "WPF\PrismObservesSample\PrismObservesSample.csproj", "{FFD5D0B8-933D-40C0-873D-2A64BC323438}"
EndProject
Project("{FAE04EC0-301F-11D3-BF4B-00C04F79EFBC}") = "SampleUnitConverter", "WPF\SampleUnitConverter\SampleUnitConverter.csproj", "{065A0F56-7CB6-4929-85AA-07B9FBE7F12E}"
EndProject
Project("{2150E333-8FDC-42A3-9474-1A3956D46DE8}") = "SQLite", "SQLite", "{62BFD77A-3A22-49E0-8311-660167BBE1B2}"
EndProject
Project("{FAE04EC0-301F-11D3-BF4B-00C04F79EFBC}") = "Sample", "SQLite\Sample\Sample.csproj", "{01FB6425-BD9F-49D4-BEFA-ED05CB56BAF2}"
EndProject
Project("{FAE04EC0-301F-11D3-BF4B-00C04F79EFBC}") = "CustomerApp", "SQLite\CustomerApp\CustomerApp.csproj", "{EF3CF635-42DB-42A7-9064-33838CB79544}"
EndProject
Project("{2150E333-8FDC-42A3-9474-1A3956D46DE8}") = "Chapter13", "Chapter13", "{0B9BB238-AAAC-44C4-B1B7-F25AB48CB957}"
EndProject
Project("{FAE04EC0-301F-11D3-BF4B-00C04F79EFBC}") = "Section01", "Chapter13\Section01\Section01.csproj", "{0C0D2727-0DB3-4FD3-B015-F49972D7BE07}"
EndProject
Project("{FAE04EC0-301F-11D3-BF4B-00C04F79EFBC}") = "Exercise01", "Chapter13\Section01\Exercise01\Exercise01.csproj", "{110EB85C-29D8-4EE0-9249-B88EAEB3EEE9}"
EndProject
Project("{2150E333-8FDC-42A3-9474-1A3956D46DE8}") = "Chapter14", "Chapter14", "{E89CF492-B1A2-479E-BD19-5AEA1A386654}"
EndProject
Project("{FAE04EC0-301F-11D3-BF4B-00C04F79EFBC}") = "Section03", "Chapter14\Section03\Section03.csproj", "{1CB9B8C1-5238-4756-9480-1C4C2F3C080C}"
EndProject
Project("{2150E333-8FDC-42A3-9474-1A3956D46DE8}") = "演習問題", "演習問題", "{98BDBFE0-22B6-433F-856B-3AE625729C41}"
EndProject
Project("{FAE04EC0-301F-11D3-BF4B-00C04F79EFBC}") = "Exercise01_WindowsForm", "Exercise01_WindowsForm\Exercise01_WindowsForm.csproj", "{925F9F81-4FFB-4C4A-842B-56AFD766186A}"
EndProject
Project("{FAE04EC0-301F-11D3-BF4B-00C04F79EFBC}") = "Section04", "Chapter14\Section04\Section04.csproj", "{5103B3DC-ABB7-4E59-B82C-200F37846174}"
EndProject
Global
	GlobalSection(SolutionConfigurationPlatforms) = preSolution
		Debug|Any CPU = Debug|Any CPU
		Release|Any CPU = Release|Any CPU
	EndGlobalSection
	GlobalSection(ProjectConfigurationPlatforms) = postSolution
		{309E7B0B-91B1-4CA5-ACDB-23B7613D22B6}.Debug|Any CPU.ActiveCfg = Debug|Any CPU
		{309E7B0B-91B1-4CA5-ACDB-23B7613D22B6}.Debug|Any CPU.Build.0 = Debug|Any CPU
		{309E7B0B-91B1-4CA5-ACDB-23B7613D22B6}.Release|Any CPU.ActiveCfg = Release|Any CPU
		{309E7B0B-91B1-4CA5-ACDB-23B7613D22B6}.Release|Any CPU.Build.0 = Release|Any CPU
		{7B366259-F672-40B2-8D76-544318A7DE70}.Debug|Any CPU.ActiveCfg = Debug|Any CPU
		{7B366259-F672-40B2-8D76-544318A7DE70}.Debug|Any CPU.Build.0 = Debug|Any CPU
		{7B366259-F672-40B2-8D76-544318A7DE70}.Release|Any CPU.ActiveCfg = Release|Any CPU
		{7B366259-F672-40B2-8D76-544318A7DE70}.Release|Any CPU.Build.0 = Release|Any CPU
		{E7B3746F-1A06-4B4F-9D9E-43EC022AC151}.Debug|Any CPU.ActiveCfg = Debug|Any CPU
		{E7B3746F-1A06-4B4F-9D9E-43EC022AC151}.Debug|Any CPU.Build.0 = Debug|Any CPU
		{E7B3746F-1A06-4B4F-9D9E-43EC022AC151}.Release|Any CPU.ActiveCfg = Release|Any CPU
		{E7B3746F-1A06-4B4F-9D9E-43EC022AC151}.Release|Any CPU.Build.0 = Release|Any CPU
		{F1E292C3-F88B-43B8-BA32-F7F366529A54}.Debug|Any CPU.ActiveCfg = Debug|Any CPU
		{F1E292C3-F88B-43B8-BA32-F7F366529A54}.Debug|Any CPU.Build.0 = Debug|Any CPU
		{F1E292C3-F88B-43B8-BA32-F7F366529A54}.Release|Any CPU.ActiveCfg = Release|Any CPU
		{F1E292C3-F88B-43B8-BA32-F7F366529A54}.Release|Any CPU.Build.0 = Release|Any CPU
		{973329AE-CC00-4A37-8D07-12168AA4FF5B}.Debug|Any CPU.ActiveCfg = Debug|Any CPU
		{973329AE-CC00-4A37-8D07-12168AA4FF5B}.Debug|Any CPU.Build.0 = Debug|Any CPU
		{973329AE-CC00-4A37-8D07-12168AA4FF5B}.Release|Any CPU.ActiveCfg = Release|Any CPU
		{973329AE-CC00-4A37-8D07-12168AA4FF5B}.Release|Any CPU.Build.0 = Release|Any CPU
		{8E17B909-3CC8-4CDE-8A87-17D40E96C181}.Debug|Any CPU.ActiveCfg = Debug|Any CPU
		{8E17B909-3CC8-4CDE-8A87-17D40E96C181}.Debug|Any CPU.Build.0 = Debug|Any CPU
		{8E17B909-3CC8-4CDE-8A87-17D40E96C181}.Release|Any CPU.ActiveCfg = Release|Any CPU
		{8E17B909-3CC8-4CDE-8A87-17D40E96C181}.Release|Any CPU.Build.0 = Release|Any CPU
		{18F8779D-9191-408B-94FF-844B5FB8771E}.Debug|Any CPU.ActiveCfg = Debug|Any CPU
		{18F8779D-9191-408B-94FF-844B5FB8771E}.Debug|Any CPU.Build.0 = Debug|Any CPU
		{18F8779D-9191-408B-94FF-844B5FB8771E}.Release|Any CPU.ActiveCfg = Release|Any CPU
		{18F8779D-9191-408B-94FF-844B5FB8771E}.Release|Any CPU.Build.0 = Release|Any CPU
		{517D693A-8A15-4F1B-B87C-A7EFF186948A}.Debug|Any CPU.ActiveCfg = Debug|Any CPU
		{517D693A-8A15-4F1B-B87C-A7EFF186948A}.Debug|Any CPU.Build.0 = Debug|Any CPU
		{517D693A-8A15-4F1B-B87C-A7EFF186948A}.Release|Any CPU.ActiveCfg = Release|Any CPU
		{517D693A-8A15-4F1B-B87C-A7EFF186948A}.Release|Any CPU.Build.0 = Release|Any CPU
		{4C7182FF-A6D8-431C-BDD0-029AF0DC5C07}.Debug|Any CPU.ActiveCfg = Debug|Any CPU
		{4C7182FF-A6D8-431C-BDD0-029AF0DC5C07}.Debug|Any CPU.Build.0 = Debug|Any CPU
		{4C7182FF-A6D8-431C-BDD0-029AF0DC5C07}.Release|Any CPU.ActiveCfg = Release|Any CPU
		{4C7182FF-A6D8-431C-BDD0-029AF0DC5C07}.Release|Any CPU.Build.0 = Release|Any CPU
		{4839B692-E3C2-45A3-9D22-95C39430FB81}.Debug|Any CPU.ActiveCfg = Debug|Any CPU
		{4839B692-E3C2-45A3-9D22-95C39430FB81}.Debug|Any CPU.Build.0 = Debug|Any CPU
		{4839B692-E3C2-45A3-9D22-95C39430FB81}.Release|Any CPU.ActiveCfg = Release|Any CPU
		{4839B692-E3C2-45A3-9D22-95C39430FB81}.Release|Any CPU.Build.0 = Release|Any CPU
		{44C69534-7A03-4687-8189-3B34D2122333}.Debug|Any CPU.ActiveCfg = Debug|Any CPU
		{44C69534-7A03-4687-8189-3B34D2122333}.Debug|Any CPU.Build.0 = Debug|Any CPU
		{44C69534-7A03-4687-8189-3B34D2122333}.Release|Any CPU.ActiveCfg = Release|Any CPU
		{44C69534-7A03-4687-8189-3B34D2122333}.Release|Any CPU.Build.0 = Release|Any CPU
		{FA965124-5704-46FF-A050-691C12946543}.Debug|Any CPU.ActiveCfg = Debug|Any CPU
		{FA965124-5704-46FF-A050-691C12946543}.Debug|Any CPU.Build.0 = Debug|Any CPU
		{FA965124-5704-46FF-A050-691C12946543}.Release|Any CPU.ActiveCfg = Release|Any CPU
		{FA965124-5704-46FF-A050-691C12946543}.Release|Any CPU.Build.0 = Release|Any CPU
		{9D708D19-969B-40A7-A305-873D7534FBA0}.Debug|Any CPU.ActiveCfg = Debug|Any CPU
		{9D708D19-969B-40A7-A305-873D7534FBA0}.Debug|Any CPU.Build.0 = Debug|Any CPU
		{9D708D19-969B-40A7-A305-873D7534FBA0}.Release|Any CPU.ActiveCfg = Release|Any CPU
		{9D708D19-969B-40A7-A305-873D7534FBA0}.Release|Any CPU.Build.0 = Release|Any CPU
		{F7883A8A-B295-4F52-8320-1414C3C0407C}.Debug|Any CPU.ActiveCfg = Debug|Any CPU
		{F7883A8A-B295-4F52-8320-1414C3C0407C}.Debug|Any CPU.Build.0 = Debug|Any CPU
		{F7883A8A-B295-4F52-8320-1414C3C0407C}.Release|Any CPU.ActiveCfg = Release|Any CPU
		{F7883A8A-B295-4F52-8320-1414C3C0407C}.Release|Any CPU.Build.0 = Release|Any CPU
		{3FAC2DF3-E833-41B3-99D0-89D133CA2DAC}.Debug|Any CPU.ActiveCfg = Debug|Any CPU
		{3FAC2DF3-E833-41B3-99D0-89D133CA2DAC}.Debug|Any CPU.Build.0 = Debug|Any CPU
		{3FAC2DF3-E833-41B3-99D0-89D133CA2DAC}.Release|Any CPU.ActiveCfg = Release|Any CPU
		{3FAC2DF3-E833-41B3-99D0-89D133CA2DAC}.Release|Any CPU.Build.0 = Release|Any CPU
		{8B4B5273-BE79-4B72-ACD0-FE0001180746}.Debug|Any CPU.ActiveCfg = Debug|Any CPU
		{8B4B5273-BE79-4B72-ACD0-FE0001180746}.Debug|Any CPU.Build.0 = Debug|Any CPU
		{8B4B5273-BE79-4B72-ACD0-FE0001180746}.Release|Any CPU.ActiveCfg = Release|Any CPU
		{8B4B5273-BE79-4B72-ACD0-FE0001180746}.Release|Any CPU.Build.0 = Release|Any CPU
		{D6B8A390-3300-4A1C-83B1-39F9531D44D6}.Debug|Any CPU.ActiveCfg = Debug|Any CPU
		{D6B8A390-3300-4A1C-83B1-39F9531D44D6}.Debug|Any CPU.Build.0 = Debug|Any CPU
		{D6B8A390-3300-4A1C-83B1-39F9531D44D6}.Release|Any CPU.ActiveCfg = Release|Any CPU
		{D6B8A390-3300-4A1C-83B1-39F9531D44D6}.Release|Any CPU.Build.0 = Release|Any CPU
		{FFC46DAC-7966-4893-843C-477627186C15}.Debug|Any CPU.ActiveCfg = Debug|Any CPU
		{FFC46DAC-7966-4893-843C-477627186C15}.Debug|Any CPU.Build.0 = Debug|Any CPU
		{FFC46DAC-7966-4893-843C-477627186C15}.Release|Any CPU.ActiveCfg = Release|Any CPU
		{FFC46DAC-7966-4893-843C-477627186C15}.Release|Any CPU.Build.0 = Release|Any CPU
		{4A8BE0C9-B6A0-41E6-A8C7-005C7AC4D98D}.Debug|Any CPU.ActiveCfg = Debug|Any CPU
		{4A8BE0C9-B6A0-41E6-A8C7-005C7AC4D98D}.Debug|Any CPU.Build.0 = Debug|Any CPU
		{4A8BE0C9-B6A0-41E6-A8C7-005C7AC4D98D}.Release|Any CPU.ActiveCfg = Release|Any CPU
		{4A8BE0C9-B6A0-41E6-A8C7-005C7AC4D98D}.Release|Any CPU.Build.0 = Release|Any CPU
		{5A22D05C-94EF-4281-99DD-1E70621502E8}.Debug|Any CPU.ActiveCfg = Debug|Any CPU
		{5A22D05C-94EF-4281-99DD-1E70621502E8}.Debug|Any CPU.Build.0 = Debug|Any CPU
		{5A22D05C-94EF-4281-99DD-1E70621502E8}.Release|Any CPU.ActiveCfg = Release|Any CPU
		{5A22D05C-94EF-4281-99DD-1E70621502E8}.Release|Any CPU.Build.0 = Release|Any CPU
		{20869573-E22F-4153-8A25-B606F2C0BFA7}.Debug|Any CPU.ActiveCfg = Debug|Any CPU
		{20869573-E22F-4153-8A25-B606F2C0BFA7}.Debug|Any CPU.Build.0 = Debug|Any CPU
		{20869573-E22F-4153-8A25-B606F2C0BFA7}.Release|Any CPU.ActiveCfg = Release|Any CPU
		{20869573-E22F-4153-8A25-B606F2C0BFA7}.Release|Any CPU.Build.0 = Release|Any CPU
		{53A0649F-FB12-4B62-BFB3-ED5327351A7F}.Debug|Any CPU.ActiveCfg = Debug|Any CPU
		{53A0649F-FB12-4B62-BFB3-ED5327351A7F}.Debug|Any CPU.Build.0 = Debug|Any CPU
		{53A0649F-FB12-4B62-BFB3-ED5327351A7F}.Release|Any CPU.ActiveCfg = Release|Any CPU
		{53A0649F-FB12-4B62-BFB3-ED5327351A7F}.Release|Any CPU.Build.0 = Release|Any CPU
		{9605B4B8-0A34-BDE4-CFD2-F49073E3B9EF}.Debug|Any CPU.ActiveCfg = Debug|Any CPU
		{9605B4B8-0A34-BDE4-CFD2-F49073E3B9EF}.Debug|Any CPU.Build.0 = Debug|Any CPU
		{9605B4B8-0A34-BDE4-CFD2-F49073E3B9EF}.Release|Any CPU.ActiveCfg = Release|Any CPU
		{9605B4B8-0A34-BDE4-CFD2-F49073E3B9EF}.Release|Any CPU.Build.0 = Release|Any CPU
		{9D888F9E-F1E9-D817-9103-5037E34D9814}.Debug|Any CPU.ActiveCfg = Debug|Any CPU
		{9D888F9E-F1E9-D817-9103-5037E34D9814}.Debug|Any CPU.Build.0 = Debug|Any CPU
		{9D888F9E-F1E9-D817-9103-5037E34D9814}.Release|Any CPU.ActiveCfg = Release|Any CPU
		{9D888F9E-F1E9-D817-9103-5037E34D9814}.Release|Any CPU.Build.0 = Release|Any CPU
		{8758FBDB-9295-0DA5-31B6-DA01667F06FB}.Debug|Any CPU.ActiveCfg = Debug|Any CPU
		{8758FBDB-9295-0DA5-31B6-DA01667F06FB}.Debug|Any CPU.Build.0 = Debug|Any CPU
		{8758FBDB-9295-0DA5-31B6-DA01667F06FB}.Release|Any CPU.ActiveCfg = Release|Any CPU
		{8758FBDB-9295-0DA5-31B6-DA01667F06FB}.Release|Any CPU.Build.0 = Release|Any CPU
		{ADC14C9C-6630-402F-9668-A7E835A493C8}.Debug|Any CPU.ActiveCfg = Debug|Any CPU
		{ADC14C9C-6630-402F-9668-A7E835A493C8}.Debug|Any CPU.Build.0 = Debug|Any CPU
		{ADC14C9C-6630-402F-9668-A7E835A493C8}.Release|Any CPU.ActiveCfg = Release|Any CPU
		{ADC14C9C-6630-402F-9668-A7E835A493C8}.Release|Any CPU.Build.0 = Release|Any CPU
		{06595126-0FFE-4A18-AAAD-97AC6CD64EC8}.Debug|Any CPU.ActiveCfg = Debug|Any CPU
		{06595126-0FFE-4A18-AAAD-97AC6CD64EC8}.Debug|Any CPU.Build.0 = Debug|Any CPU
		{06595126-0FFE-4A18-AAAD-97AC6CD64EC8}.Release|Any CPU.ActiveCfg = Release|Any CPU
		{06595126-0FFE-4A18-AAAD-97AC6CD64EC8}.Release|Any CPU.Build.0 = Release|Any CPU
		{7E14A176-70C1-32E3-9A58-33668577203D}.Debug|Any CPU.ActiveCfg = Debug|Any CPU
		{7E14A176-70C1-32E3-9A58-33668577203D}.Debug|Any CPU.Build.0 = Debug|Any CPU
		{7E14A176-70C1-32E3-9A58-33668577203D}.Release|Any CPU.ActiveCfg = Release|Any CPU
		{7E14A176-70C1-32E3-9A58-33668577203D}.Release|Any CPU.Build.0 = Release|Any CPU
		{C9CF5948-4ABB-4A7A-860B-C4BDF2813DB4}.Debug|Any CPU.ActiveCfg = Debug|Any CPU
		{C9CF5948-4ABB-4A7A-860B-C4BDF2813DB4}.Debug|Any CPU.Build.0 = Debug|Any CPU
		{C9CF5948-4ABB-4A7A-860B-C4BDF2813DB4}.Release|Any CPU.ActiveCfg = Release|Any CPU
		{C9CF5948-4ABB-4A7A-860B-C4BDF2813DB4}.Release|Any CPU.Build.0 = Release|Any CPU
		{AC26E979-AB5F-4233-9FE3-9C9BD5231F72}.Debug|Any CPU.ActiveCfg = Debug|Any CPU
		{AC26E979-AB5F-4233-9FE3-9C9BD5231F72}.Debug|Any CPU.Build.0 = Debug|Any CPU
		{AC26E979-AB5F-4233-9FE3-9C9BD5231F72}.Release|Any CPU.ActiveCfg = Release|Any CPU
		{AC26E979-AB5F-4233-9FE3-9C9BD5231F72}.Release|Any CPU.Build.0 = Release|Any CPU
		{BA3B5C5E-D6A4-39ED-6760-036CDB62E249}.Debug|Any CPU.ActiveCfg = Debug|Any CPU
		{BA3B5C5E-D6A4-39ED-6760-036CDB62E249}.Debug|Any CPU.Build.0 = Debug|Any CPU
		{BA3B5C5E-D6A4-39ED-6760-036CDB62E249}.Release|Any CPU.ActiveCfg = Release|Any CPU
		{BA3B5C5E-D6A4-39ED-6760-036CDB62E249}.Release|Any CPU.Build.0 = Release|Any CPU
		{7C06D570-5236-67C0-200D-EFEA42F6ED6E}.Debug|Any CPU.ActiveCfg = Debug|Any CPU
		{7C06D570-5236-67C0-200D-EFEA42F6ED6E}.Debug|Any CPU.Build.0 = Debug|Any CPU
		{7C06D570-5236-67C0-200D-EFEA42F6ED6E}.Release|Any CPU.ActiveCfg = Release|Any CPU
		{7C06D570-5236-67C0-200D-EFEA42F6ED6E}.Release|Any CPU.Build.0 = Release|Any CPU
		{E8673508-9063-4FFF-B403-F7CD14D82E20}.Debug|Any CPU.ActiveCfg = Debug|Any CPU
		{E8673508-9063-4FFF-B403-F7CD14D82E20}.Debug|Any CPU.Build.0 = Debug|Any CPU
		{E8673508-9063-4FFF-B403-F7CD14D82E20}.Release|Any CPU.ActiveCfg = Release|Any CPU
		{E8673508-9063-4FFF-B403-F7CD14D82E20}.Release|Any CPU.Build.0 = Release|Any CPU
		{6EF7678A-A725-F430-3097-30F090C0100A}.Debug|Any CPU.ActiveCfg = Debug|Any CPU
		{6EF7678A-A725-F430-3097-30F090C0100A}.Debug|Any CPU.Build.0 = Debug|Any CPU
		{6EF7678A-A725-F430-3097-30F090C0100A}.Release|Any CPU.ActiveCfg = Release|Any CPU
		{6EF7678A-A725-F430-3097-30F090C0100A}.Release|Any CPU.Build.0 = Release|Any CPU
		{010D0C11-D6A2-3CA6-3281-4E0FD547EC2D}.Debug|Any CPU.ActiveCfg = Debug|Any CPU
		{010D0C11-D6A2-3CA6-3281-4E0FD547EC2D}.Debug|Any CPU.Build.0 = Debug|Any CPU
		{010D0C11-D6A2-3CA6-3281-4E0FD547EC2D}.Release|Any CPU.ActiveCfg = Release|Any CPU
		{010D0C11-D6A2-3CA6-3281-4E0FD547EC2D}.Release|Any CPU.Build.0 = Release|Any CPU
		{2E51EA36-A5CA-477B-ABF4-1B22C66DC006}.Debug|Any CPU.ActiveCfg = Debug|Any CPU
		{2E51EA36-A5CA-477B-ABF4-1B22C66DC006}.Debug|Any CPU.Build.0 = Debug|Any CPU
		{2E51EA36-A5CA-477B-ABF4-1B22C66DC006}.Release|Any CPU.ActiveCfg = Release|Any CPU
		{2E51EA36-A5CA-477B-ABF4-1B22C66DC006}.Release|Any CPU.Build.0 = Release|Any CPU
		{118F2D9F-ECBB-43BA-8D17-877171B1A28E}.Debug|Any CPU.ActiveCfg = Debug|Any CPU
		{118F2D9F-ECBB-43BA-8D17-877171B1A28E}.Debug|Any CPU.Build.0 = Debug|Any CPU
		{118F2D9F-ECBB-43BA-8D17-877171B1A28E}.Release|Any CPU.ActiveCfg = Release|Any CPU
		{118F2D9F-ECBB-43BA-8D17-877171B1A28E}.Release|Any CPU.Build.0 = Release|Any CPU
		{52442FBF-AB1E-12BC-8344-0695887AC3CB}.Debug|Any CPU.ActiveCfg = Debug|Any CPU
		{52442FBF-AB1E-12BC-8344-0695887AC3CB}.Debug|Any CPU.Build.0 = Debug|Any CPU
		{52442FBF-AB1E-12BC-8344-0695887AC3CB}.Release|Any CPU.ActiveCfg = Release|Any CPU
		{52442FBF-AB1E-12BC-8344-0695887AC3CB}.Release|Any CPU.Build.0 = Release|Any CPU
		{13EA441B-E72F-5CA2-D5D4-B3F52139D7CF}.Debug|Any CPU.ActiveCfg = Debug|Any CPU
		{13EA441B-E72F-5CA2-D5D4-B3F52139D7CF}.Debug|Any CPU.Build.0 = Debug|Any CPU
		{13EA441B-E72F-5CA2-D5D4-B3F52139D7CF}.Release|Any CPU.ActiveCfg = Release|Any CPU
		{13EA441B-E72F-5CA2-D5D4-B3F52139D7CF}.Release|Any CPU.Build.0 = Release|Any CPU
		{BED06C1C-9B3D-4B9D-939E-2D29E40705E1}.Debug|Any CPU.ActiveCfg = Debug|Any CPU
		{BED06C1C-9B3D-4B9D-939E-2D29E40705E1}.Debug|Any CPU.Build.0 = Debug|Any CPU
		{BED06C1C-9B3D-4B9D-939E-2D29E40705E1}.Release|Any CPU.ActiveCfg = Release|Any CPU
		{BED06C1C-9B3D-4B9D-939E-2D29E40705E1}.Release|Any CPU.Build.0 = Release|Any CPU
		{79ABAD33-0E8F-4357-B6BD-CB2E9BC9E90D}.Debug|Any CPU.ActiveCfg = Debug|Any CPU
		{79ABAD33-0E8F-4357-B6BD-CB2E9BC9E90D}.Debug|Any CPU.Build.0 = Debug|Any CPU
		{79ABAD33-0E8F-4357-B6BD-CB2E9BC9E90D}.Release|Any CPU.ActiveCfg = Release|Any CPU
		{79ABAD33-0E8F-4357-B6BD-CB2E9BC9E90D}.Release|Any CPU.Build.0 = Release|Any CPU
		{DB7CF051-F53E-43DE-9540-87B576971A70}.Debug|Any CPU.ActiveCfg = Debug|Any CPU
		{DB7CF051-F53E-43DE-9540-87B576971A70}.Debug|Any CPU.Build.0 = Debug|Any CPU
		{DB7CF051-F53E-43DE-9540-87B576971A70}.Release|Any CPU.ActiveCfg = Release|Any CPU
		{DB7CF051-F53E-43DE-9540-87B576971A70}.Release|Any CPU.Build.0 = Release|Any CPU
		{3A6214EA-D99A-D811-0D59-3E50D778F6A3}.Debug|Any CPU.ActiveCfg = Debug|Any CPU
		{3A6214EA-D99A-D811-0D59-3E50D778F6A3}.Debug|Any CPU.Build.0 = Debug|Any CPU
		{3A6214EA-D99A-D811-0D59-3E50D778F6A3}.Release|Any CPU.ActiveCfg = Release|Any CPU
		{3A6214EA-D99A-D811-0D59-3E50D778F6A3}.Release|Any CPU.Build.0 = Release|Any CPU
		{755F019A-6E1E-9442-A675-813A3039B209}.Debug|Any CPU.ActiveCfg = Debug|Any CPU
		{755F019A-6E1E-9442-A675-813A3039B209}.Debug|Any CPU.Build.0 = Debug|Any CPU
		{755F019A-6E1E-9442-A675-813A3039B209}.Release|Any CPU.ActiveCfg = Release|Any CPU
		{755F019A-6E1E-9442-A675-813A3039B209}.Release|Any CPU.Build.0 = Release|Any CPU
		{3B309A02-5697-4A88-A740-CB66A31A7BF8}.Debug|Any CPU.ActiveCfg = Debug|Any CPU
		{3B309A02-5697-4A88-A740-CB66A31A7BF8}.Debug|Any CPU.Build.0 = Debug|Any CPU
		{3B309A02-5697-4A88-A740-CB66A31A7BF8}.Release|Any CPU.ActiveCfg = Release|Any CPU
		{3B309A02-5697-4A88-A740-CB66A31A7BF8}.Release|Any CPU.Build.0 = Release|Any CPU
		{9157CCA1-9AB1-4E8C-8598-0F72A5A6A8A2}.Debug|Any CPU.ActiveCfg = Debug|Any CPU
		{9157CCA1-9AB1-4E8C-8598-0F72A5A6A8A2}.Debug|Any CPU.Build.0 = Debug|Any CPU
		{9157CCA1-9AB1-4E8C-8598-0F72A5A6A8A2}.Release|Any CPU.ActiveCfg = Release|Any CPU
		{9157CCA1-9AB1-4E8C-8598-0F72A5A6A8A2}.Release|Any CPU.Build.0 = Release|Any CPU
		{2B3D0DE8-AB68-4CE5-BA12-8F0F49717C3B}.Debug|Any CPU.ActiveCfg = Debug|Any CPU
		{2B3D0DE8-AB68-4CE5-BA12-8F0F49717C3B}.Debug|Any CPU.Build.0 = Debug|Any CPU
		{2B3D0DE8-AB68-4CE5-BA12-8F0F49717C3B}.Release|Any CPU.ActiveCfg = Release|Any CPU
		{2B3D0DE8-AB68-4CE5-BA12-8F0F49717C3B}.Release|Any CPU.Build.0 = Release|Any CPU
		{92C18487-D468-4AD1-A49E-C9037239C28C}.Debug|Any CPU.ActiveCfg = Debug|Any CPU
		{92C18487-D468-4AD1-A49E-C9037239C28C}.Debug|Any CPU.Build.0 = Debug|Any CPU
		{92C18487-D468-4AD1-A49E-C9037239C28C}.Release|Any CPU.ActiveCfg = Release|Any CPU
		{92C18487-D468-4AD1-A49E-C9037239C28C}.Release|Any CPU.Build.0 = Release|Any CPU
		{5D47C2CC-16F0-491E-8A98-474E588C696C}.Debug|Any CPU.ActiveCfg = Debug|Any CPU
		{5D47C2CC-16F0-491E-8A98-474E588C696C}.Debug|Any CPU.Build.0 = Debug|Any CPU
		{5D47C2CC-16F0-491E-8A98-474E588C696C}.Release|Any CPU.ActiveCfg = Release|Any CPU
		{5D47C2CC-16F0-491E-8A98-474E588C696C}.Release|Any CPU.Build.0 = Release|Any CPU
		{1C425417-28E9-4E2E-8613-E40B424861E0}.Debug|Any CPU.ActiveCfg = Debug|Any CPU
		{1C425417-28E9-4E2E-8613-E40B424861E0}.Debug|Any CPU.Build.0 = Debug|Any CPU
		{1C425417-28E9-4E2E-8613-E40B424861E0}.Release|Any CPU.ActiveCfg = Release|Any CPU
		{1C425417-28E9-4E2E-8613-E40B424861E0}.Release|Any CPU.Build.0 = Release|Any CPU
		{9F3E4545-9941-4D9B-927F-C5A217779363}.Debug|Any CPU.ActiveCfg = Debug|Any CPU
		{9F3E4545-9941-4D9B-927F-C5A217779363}.Debug|Any CPU.Build.0 = Debug|Any CPU
		{9F3E4545-9941-4D9B-927F-C5A217779363}.Release|Any CPU.ActiveCfg = Release|Any CPU
		{9F3E4545-9941-4D9B-927F-C5A217779363}.Release|Any CPU.Build.0 = Release|Any CPU
		{C2A36585-1B5D-4CB8-959E-86DC3CAB7EAF}.Debug|Any CPU.ActiveCfg = Debug|Any CPU
		{C2A36585-1B5D-4CB8-959E-86DC3CAB7EAF}.Debug|Any CPU.Build.0 = Debug|Any CPU
		{C2A36585-1B5D-4CB8-959E-86DC3CAB7EAF}.Release|Any CPU.ActiveCfg = Release|Any CPU
		{C2A36585-1B5D-4CB8-959E-86DC3CAB7EAF}.Release|Any CPU.Build.0 = Release|Any CPU
		{A99E7E0F-FDD1-4BF9-B884-71B89F274B9A}.Debug|Any CPU.ActiveCfg = Debug|Any CPU
		{A99E7E0F-FDD1-4BF9-B884-71B89F274B9A}.Debug|Any CPU.Build.0 = Debug|Any CPU
		{A99E7E0F-FDD1-4BF9-B884-71B89F274B9A}.Release|Any CPU.ActiveCfg = Release|Any CPU
		{A99E7E0F-FDD1-4BF9-B884-71B89F274B9A}.Release|Any CPU.Build.0 = Release|Any CPU
		{6BD2BBD9-842A-4CF4-B637-653FADBBA744}.Debug|Any CPU.ActiveCfg = Debug|Any CPU
		{6BD2BBD9-842A-4CF4-B637-653FADBBA744}.Debug|Any CPU.Build.0 = Debug|Any CPU
		{6BD2BBD9-842A-4CF4-B637-653FADBBA744}.Release|Any CPU.ActiveCfg = Release|Any CPU
		{6BD2BBD9-842A-4CF4-B637-653FADBBA744}.Release|Any CPU.Build.0 = Release|Any CPU
		{C9CA2627-7095-4418-B1C4-F34AB7F4A566}.Debug|Any CPU.ActiveCfg = Debug|Any CPU
		{C9CA2627-7095-4418-B1C4-F34AB7F4A566}.Debug|Any CPU.Build.0 = Debug|Any CPU
		{C9CA2627-7095-4418-B1C4-F34AB7F4A566}.Release|Any CPU.ActiveCfg = Release|Any CPU
		{C9CA2627-7095-4418-B1C4-F34AB7F4A566}.Release|Any CPU.Build.0 = Release|Any CPU
		{CB25AF86-BDAB-433F-A491-089A244BF01D}.Debug|Any CPU.ActiveCfg = Debug|Any CPU
		{CB25AF86-BDAB-433F-A491-089A244BF01D}.Debug|Any CPU.Build.0 = Debug|Any CPU
		{CB25AF86-BDAB-433F-A491-089A244BF01D}.Release|Any CPU.ActiveCfg = Release|Any CPU
		{CB25AF86-BDAB-433F-A491-089A244BF01D}.Release|Any CPU.Build.0 = Release|Any CPU
		{7E73FFDB-8C76-4073-841E-B7BE6F000E30}.Debug|Any CPU.ActiveCfg = Debug|Any CPU
		{7E73FFDB-8C76-4073-841E-B7BE6F000E30}.Debug|Any CPU.Build.0 = Debug|Any CPU
		{7E73FFDB-8C76-4073-841E-B7BE6F000E30}.Release|Any CPU.ActiveCfg = Release|Any CPU
		{7E73FFDB-8C76-4073-841E-B7BE6F000E30}.Release|Any CPU.Build.0 = Release|Any CPU
		{77577AF4-04B5-48E5-9F16-D92765D20201}.Debug|Any CPU.ActiveCfg = Debug|Any CPU
		{77577AF4-04B5-48E5-9F16-D92765D20201}.Debug|Any CPU.Build.0 = Debug|Any CPU
		{77577AF4-04B5-48E5-9F16-D92765D20201}.Release|Any CPU.ActiveCfg = Release|Any CPU
		{77577AF4-04B5-48E5-9F16-D92765D20201}.Release|Any CPU.Build.0 = Release|Any CPU
		{FFD5D0B8-933D-40C0-873D-2A64BC323438}.Debug|Any CPU.ActiveCfg = Debug|Any CPU
		{FFD5D0B8-933D-40C0-873D-2A64BC323438}.Debug|Any CPU.Build.0 = Debug|Any CPU
		{FFD5D0B8-933D-40C0-873D-2A64BC323438}.Release|Any CPU.ActiveCfg = Release|Any CPU
		{FFD5D0B8-933D-40C0-873D-2A64BC323438}.Release|Any CPU.Build.0 = Release|Any CPU
		{065A0F56-7CB6-4929-85AA-07B9FBE7F12E}.Debug|Any CPU.ActiveCfg = Debug|Any CPU
		{065A0F56-7CB6-4929-85AA-07B9FBE7F12E}.Debug|Any CPU.Build.0 = Debug|Any CPU
		{065A0F56-7CB6-4929-85AA-07B9FBE7F12E}.Release|Any CPU.ActiveCfg = Release|Any CPU
		{065A0F56-7CB6-4929-85AA-07B9FBE7F12E}.Release|Any CPU.Build.0 = Release|Any CPU
		{01FB6425-BD9F-49D4-BEFA-ED05CB56BAF2}.Debug|Any CPU.ActiveCfg = Debug|Any CPU
		{01FB6425-BD9F-49D4-BEFA-ED05CB56BAF2}.Debug|Any CPU.Build.0 = Debug|Any CPU
		{01FB6425-BD9F-49D4-BEFA-ED05CB56BAF2}.Release|Any CPU.ActiveCfg = Release|Any CPU
		{01FB6425-BD9F-49D4-BEFA-ED05CB56BAF2}.Release|Any CPU.Build.0 = Release|Any CPU
		{EF3CF635-42DB-42A7-9064-33838CB79544}.Debug|Any CPU.ActiveCfg = Debug|Any CPU
		{EF3CF635-42DB-42A7-9064-33838CB79544}.Debug|Any CPU.Build.0 = Debug|Any CPU
		{EF3CF635-42DB-42A7-9064-33838CB79544}.Release|Any CPU.ActiveCfg = Release|Any CPU
		{EF3CF635-42DB-42A7-9064-33838CB79544}.Release|Any CPU.Build.0 = Release|Any CPU
		{0C0D2727-0DB3-4FD3-B015-F49972D7BE07}.Debug|Any CPU.ActiveCfg = Debug|Any CPU
		{0C0D2727-0DB3-4FD3-B015-F49972D7BE07}.Debug|Any CPU.Build.0 = Debug|Any CPU
		{0C0D2727-0DB3-4FD3-B015-F49972D7BE07}.Release|Any CPU.ActiveCfg = Release|Any CPU
		{0C0D2727-0DB3-4FD3-B015-F49972D7BE07}.Release|Any CPU.Build.0 = Release|Any CPU
		{110EB85C-29D8-4EE0-9249-B88EAEB3EEE9}.Debug|Any CPU.ActiveCfg = Debug|Any CPU
		{110EB85C-29D8-4EE0-9249-B88EAEB3EEE9}.Debug|Any CPU.Build.0 = Debug|Any CPU
		{110EB85C-29D8-4EE0-9249-B88EAEB3EEE9}.Release|Any CPU.ActiveCfg = Release|Any CPU
		{110EB85C-29D8-4EE0-9249-B88EAEB3EEE9}.Release|Any CPU.Build.0 = Release|Any CPU
		{1CB9B8C1-5238-4756-9480-1C4C2F3C080C}.Debug|Any CPU.ActiveCfg = Debug|Any CPU
		{1CB9B8C1-5238-4756-9480-1C4C2F3C080C}.Debug|Any CPU.Build.0 = Debug|Any CPU
		{1CB9B8C1-5238-4756-9480-1C4C2F3C080C}.Release|Any CPU.ActiveCfg = Release|Any CPU
		{1CB9B8C1-5238-4756-9480-1C4C2F3C080C}.Release|Any CPU.Build.0 = Release|Any CPU
		{925F9F81-4FFB-4C4A-842B-56AFD766186A}.Debug|Any CPU.ActiveCfg = Debug|Any CPU
		{925F9F81-4FFB-4C4A-842B-56AFD766186A}.Debug|Any CPU.Build.0 = Debug|Any CPU
		{925F9F81-4FFB-4C4A-842B-56AFD766186A}.Release|Any CPU.ActiveCfg = Release|Any CPU
		{925F9F81-4FFB-4C4A-842B-56AFD766186A}.Release|Any CPU.Build.0 = Release|Any CPU
		{5103B3DC-ABB7-4E59-B82C-200F37846174}.Debug|Any CPU.ActiveCfg = Debug|Any CPU
		{5103B3DC-ABB7-4E59-B82C-200F37846174}.Debug|Any CPU.Build.0 = Debug|Any CPU
		{5103B3DC-ABB7-4E59-B82C-200F37846174}.Release|Any CPU.ActiveCfg = Release|Any CPU
		{5103B3DC-ABB7-4E59-B82C-200F37846174}.Release|Any CPU.Build.0 = Release|Any CPU
	EndGlobalSection
	GlobalSection(SolutionProperties) = preSolution
		HideSolutionNode = FALSE
	EndGlobalSection
	GlobalSection(NestedProjects) = preSolution
		{309E7B0B-91B1-4CA5-ACDB-23B7613D22B6} = {DDB4EF12-CC4E-5E88-E6FC-71A802F4DE97}
		{7B366259-F672-40B2-8D76-544318A7DE70} = {46DC0332-4272-4FA8-BDBE-474214DCE7A6}
		{2D6A45C0-68FF-4441-B48C-4FCE4EE55641} = {971B9284-B933-40FF-B7DD-FE24D13F4B80}
		{E7B3746F-1A06-4B4F-9D9E-43EC022AC151} = {2D6A45C0-68FF-4441-B48C-4FCE4EE55641}
		{46DC0332-4272-4FA8-BDBE-474214DCE7A6} = {971B9284-B933-40FF-B7DD-FE24D13F4B80}
		{F1E292C3-F88B-43B8-BA32-F7F366529A54} = {8F9DCF6A-C3EF-4405-8F4C-5C2F346BEC8B}
		{973329AE-CC00-4A37-8D07-12168AA4FF5B} = {8F9DCF6A-C3EF-4405-8F4C-5C2F346BEC8B}
		{C5056C04-E368-43FC-826F-C14EE1F747B7} = {971B9284-B933-40FF-B7DD-FE24D13F4B80}
		{8E17B909-3CC8-4CDE-8A87-17D40E96C181} = {C5056C04-E368-43FC-826F-C14EE1F747B7}
		{18F8779D-9191-408B-94FF-844B5FB8771E} = {2D6A45C0-68FF-4441-B48C-4FCE4EE55641}
		{517D693A-8A15-4F1B-B87C-A7EFF186948A} = {1BA4D89D-7CF4-4E47-94A8-804FBBCD314B}
		{B51D07A4-92E9-4A93-A3E9-12C34420777C} = {1BA4D89D-7CF4-4E47-94A8-804FBBCD314B}
		{4C7182FF-A6D8-431C-BDD0-029AF0DC5C07} = {B51D07A4-92E9-4A93-A3E9-12C34420777C}
		{4839B692-E3C2-45A3-9D22-95C39430FB81} = {1BA4D89D-7CF4-4E47-94A8-804FBBCD314B}
		{44C69534-7A03-4687-8189-3B34D2122333} = {B51D07A4-92E9-4A93-A3E9-12C34420777C}
		{FA965124-5704-46FF-A050-691C12946543} = {5537DD99-1519-4B86-8601-CA47498D8A1E}
		{AA5AC3EB-B775-4EFE-926A-47FC73764859} = {5537DD99-1519-4B86-8601-CA47498D8A1E}
		{9D708D19-969B-40A7-A305-873D7534FBA0} = {AA5AC3EB-B775-4EFE-926A-47FC73764859}
		{F7883A8A-B295-4F52-8320-1414C3C0407C} = {AA5AC3EB-B775-4EFE-926A-47FC73764859}
		{3FAC2DF3-E833-41B3-99D0-89D133CA2DAC} = {3EA858DE-A4AA-47A6-A5E2-332EB284A927}
		{0DE2D299-A789-48A8-8DAF-E2CFF1541B6E} = {B769F8BD-3F1D-4458-9DD4-7EBD6B640F0B}
		{8B4B5273-BE79-4B72-ACD0-FE0001180746} = {0DE2D299-A789-48A8-8DAF-E2CFF1541B6E}
		{D6B8A390-3300-4A1C-83B1-39F9531D44D6} = {B769F8BD-3F1D-4458-9DD4-7EBD6B640F0B}
		{FFC46DAC-7966-4893-843C-477627186C15} = {B769F8BD-3F1D-4458-9DD4-7EBD6B640F0B}
		{4A8BE0C9-B6A0-41E6-A8C7-005C7AC4D98D} = {0DE2D299-A789-48A8-8DAF-E2CFF1541B6E}
		{5A22D05C-94EF-4281-99DD-1E70621502E8} = {9E2A448D-D4F0-47B7-973F-5F01337850C4}
		{CA6F0705-0274-4FB9-97F3-2550DD3C9300} = {9E2A448D-D4F0-47B7-973F-5F01337850C4}
		{20869573-E22F-4153-8A25-B606F2C0BFA7} = {CA6F0705-0274-4FB9-97F3-2550DD3C9300}
		{53A0649F-FB12-4B62-BFB3-ED5327351A7F} = {CA6F0705-0274-4FB9-97F3-2550DD3C9300}
		{9605B4B8-0A34-BDE4-CFD2-F49073E3B9EF} = {CA6F0705-0274-4FB9-97F3-2550DD3C9300}
		{9D888F9E-F1E9-D817-9103-5037E34D9814} = {9E2A448D-D4F0-47B7-973F-5F01337850C4}
		{8758FBDB-9295-0DA5-31B6-DA01667F06FB} = {CA6F0705-0274-4FB9-97F3-2550DD3C9300}
		{96342B1C-6D28-42FE-94E9-BFB5AEDC1B51} = {5726E98F-E83B-4D6B-B5FA-405411047B9F}
		{ADC14C9C-6630-402F-9668-A7E835A493C8} = {5726E98F-E83B-4D6B-B5FA-405411047B9F}
		{06595126-0FFE-4A18-AAAD-97AC6CD64EC8} = {96342B1C-6D28-42FE-94E9-BFB5AEDC1B51}
		{7E14A176-70C1-32E3-9A58-33668577203D} = {5726E98F-E83B-4D6B-B5FA-405411047B9F}
		{C9CF5948-4ABB-4A7A-860B-C4BDF2813DB4} = {96342B1C-6D28-42FE-94E9-BFB5AEDC1B51}
		{8E4335E5-5E05-421F-A29D-68708F5F75CC} = {D30EFD76-0D2C-4B3C-B7AA-98FDCEC3055A}
		{AC26E979-AB5F-4233-9FE3-9C9BD5231F72} = {8E4335E5-5E05-421F-A29D-68708F5F75CC}
		{BA3B5C5E-D6A4-39ED-6760-036CDB62E249} = {D30EFD76-0D2C-4B3C-B7AA-98FDCEC3055A}
		{7C06D570-5236-67C0-200D-EFEA42F6ED6E} = {D30EFD76-0D2C-4B3C-B7AA-98FDCEC3055A}
		{E8673508-9063-4FFF-B403-F7CD14D82E20} = {8E4335E5-5E05-421F-A29D-68708F5F75CC}
		{6EF7678A-A725-F430-3097-30F090C0100A} = {C6CC6D9E-882E-476C-AB91-01B98B4B52CA}
		{010D0C11-D6A2-3CA6-3281-4E0FD547EC2D} = {C6CC6D9E-882E-476C-AB91-01B98B4B52CA}
		{2E51EA36-A5CA-477B-ABF4-1B22C66DC006} = {ED26FFC0-70A8-4B95-9446-A9EB698C4DC4}
		{118F2D9F-ECBB-43BA-8D17-877171B1A28E} = {BF8BD762-9D89-47CB-B95F-AFE8D3D224FF}
		{BF8BD762-9D89-47CB-B95F-AFE8D3D224FF} = {ED26FFC0-70A8-4B95-9446-A9EB698C4DC4}
		{52442FBF-AB1E-12BC-8344-0695887AC3CB} = {BF8BD762-9D89-47CB-B95F-AFE8D3D224FF}
		{13EA441B-E72F-5CA2-D5D4-B3F52139D7CF} = {BF8BD762-9D89-47CB-B95F-AFE8D3D224FF}
		{BED06C1C-9B3D-4B9D-939E-2D29E40705E1} = {8F9DCF6A-C3EF-4405-8F4C-5C2F346BEC8B}
		{3DA27BFC-03ED-4777-8B87-CE5C76ED43D1} = {75EB9EFF-C7F1-4C68-9A3D-E7C8CE6579FF}
		{79ABAD33-0E8F-4357-B6BD-CB2E9BC9E90D} = {75EB9EFF-C7F1-4C68-9A3D-E7C8CE6579FF}
		{DB7CF051-F53E-43DE-9540-87B576971A70} = {3DA27BFC-03ED-4777-8B87-CE5C76ED43D1}
		{3A6214EA-D99A-D811-0D59-3E50D778F6A3} = {3DA27BFC-03ED-4777-8B87-CE5C76ED43D1}
		{755F019A-6E1E-9442-A675-813A3039B209} = {3DA27BFC-03ED-4777-8B87-CE5C76ED43D1}
		{3B309A02-5697-4A88-A740-CB66A31A7BF8} = {8F9DCF6A-C3EF-4405-8F4C-5C2F346BEC8B}
		{9157CCA1-9AB1-4E8C-8598-0F72A5A6A8A2} = {7B873F33-7E59-42B4-B4BA-4F2D487FF080}
		{04F6F528-EB5A-4E6D-A9C0-6DF7F76100D7} = {7B873F33-7E59-42B4-B4BA-4F2D487FF080}
		{2B3D0DE8-AB68-4CE5-BA12-8F0F49717C3B} = {04F6F528-EB5A-4E6D-A9C0-6DF7F76100D7}
		{92C18487-D468-4AD1-A49E-C9037239C28C} = {04F6F528-EB5A-4E6D-A9C0-6DF7F76100D7}
		{5D47C2CC-16F0-491E-8A98-474E588C696C} = {7B873F33-7E59-42B4-B4BA-4F2D487FF080}
		{1C425417-28E9-4E2E-8613-E40B424861E0} = {04F6F528-EB5A-4E6D-A9C0-6DF7F76100D7}
		{9F3E4545-9941-4D9B-927F-C5A217779363} = {7B873F33-7E59-42B4-B4BA-4F2D487FF080}
		{C2A36585-1B5D-4CB8-959E-86DC3CAB7EAF} = {04F6F528-EB5A-4E6D-A9C0-6DF7F76100D7}
		{A99E7E0F-FDD1-4BF9-B884-71B89F274B9A} = {04F6F528-EB5A-4E6D-A9C0-6DF7F76100D7}
		{6BD2BBD9-842A-4CF4-B637-653FADBBA744} = {6501D0FA-6705-4170-9117-AC3DBF9E90B4}
		{C9CA2627-7095-4418-B1C4-F34AB7F4A566} = {6501D0FA-6705-4170-9117-AC3DBF9E90B4}
		{CB25AF86-BDAB-433F-A491-089A244BF01D} = {6501D0FA-6705-4170-9117-AC3DBF9E90B4}
		{7E73FFDB-8C76-4073-841E-B7BE6F000E30} = {6501D0FA-6705-4170-9117-AC3DBF9E90B4}
		{77577AF4-04B5-48E5-9F16-D92765D20201} = {6501D0FA-6705-4170-9117-AC3DBF9E90B4}
		{FFD5D0B8-933D-40C0-873D-2A64BC323438} = {6501D0FA-6705-4170-9117-AC3DBF9E90B4}
		{065A0F56-7CB6-4929-85AA-07B9FBE7F12E} = {6501D0FA-6705-4170-9117-AC3DBF9E90B4}
		{01FB6425-BD9F-49D4-BEFA-ED05CB56BAF2} = {62BFD77A-3A22-49E0-8311-660167BBE1B2}
		{EF3CF635-42DB-42A7-9064-33838CB79544} = {62BFD77A-3A22-49E0-8311-660167BBE1B2}
		{0C0D2727-0DB3-4FD3-B015-F49972D7BE07} = {0B9BB238-AAAC-44C4-B1B7-F25AB48CB957}
		{110EB85C-29D8-4EE0-9249-B88EAEB3EEE9} = {0B9BB238-AAAC-44C4-B1B7-F25AB48CB957}
		{1CB9B8C1-5238-4756-9480-1C4C2F3C080C} = {E89CF492-B1A2-479E-BD19-5AEA1A386654}
		{98BDBFE0-22B6-433F-856B-3AE625729C41} = {E89CF492-B1A2-479E-BD19-5AEA1A386654}
		{925F9F81-4FFB-4C4A-842B-56AFD766186A} = {98BDBFE0-22B6-433F-856B-3AE625729C41}
		{5103B3DC-ABB7-4E59-B82C-200F37846174} = {E89CF492-B1A2-479E-BD19-5AEA1A386654}
	EndGlobalSection
	GlobalSection(ExtensibilityGlobals) = postSolution
		SolutionGuid = {0729E990-D455-4DDA-BAB7-0E5B1E787088}
	EndGlobalSection
EndGlobal
